
Microsoft Visual Studio Solution File, Format Version 12.00
# Visual Studio 15
VisualStudioVersion = 15.0.28010.2048
MinimumVisualStudioVersion = 10.0.40219.1
Project("{FAE04EC0-301F-11D3-BF4B-00C04F79EFBC}") = "BotStop", "ConsoleApp2\BotStop.csproj", "{BF46E30A-1AA4-4D71-9D0B-460931A43552}"
EndProject
Global
	GlobalSection(SolutionConfigurationPlatforms) = preSolution
		Debug|Any CPU = Debug|Any CPU
		Release|Any CPU = Release|Any CPU
	EndGlobalSection
	GlobalSection(ProjectConfigurationPlatforms) = postSolution
		{BF46E30A-1AA4-4D71-9D0B-460931A43552}.Debug|Any CPU.ActiveCfg = Debug|Any CPU
		{BF46E30A-1AA4-4D71-9D0B-460931A43552}.Debug|Any CPU.Build.0 = Debug|Any CPU
		{BF46E30A-1AA4-4D71-9D0B-460931A43552}.Release|Any CPU.ActiveCfg = Release|Any CPU
		{BF46E30A-1AA4-4D71-9D0B-460931A43552}.Release|Any CPU.Build.0 = Release|Any CPU
	EndGlobalSection
	GlobalSection(SolutionProperties) = preSolution
		HideSolutionNode = FALSE
	EndGlobalSection
	GlobalSection(ExtensibilityGlobals) = postSolution
		SolutionGuid = {D462FDC6-04A4-4E55-AFBE-8C60CE516CEA}
	EndGlobalSection
EndGlobal
